
Microsoft Visual Studio Solution File, Format Version 12.00
# Visual Studio Version 17
VisualStudioVersion = 17.11.35219.272
MinimumVisualStudioVersion = 10.0.40219.1
Project("{2150E333-8FDC-42A3-9474-1A3956D46DE8}") = "src", "src", "{E12C6000-A0AB-4632-9FF7-9D7C284EA268}"
EndProject
Project("{FAE04EC0-301F-11D3-BF4B-00C04F79EFBC}") = "BarberBoss.API", "src\BarberBoss.API\BarberBoss.API.csproj", "{968239A3-C7B1-484A-8A45-9C0BFB4FA439}"
EndProject
Project("{FAE04EC0-301F-11D3-BF4B-00C04F79EFBC}") = "BarberBoss.Application", "src\BarberBoss.Application\BarberBoss.Application.csproj", "{170FB5A9-838A-4A37-927A-5328210D85E4}"
EndProject
Project("{FAE04EC0-301F-11D3-BF4B-00C04F79EFBC}") = "BarberBoss.Domain", "src\BarberBoss.Domain\BarberBoss.Domain.csproj", "{9945E819-D50B-47D6-B529-B685FE68A161}"
EndProject
Project("{FAE04EC0-301F-11D3-BF4B-00C04F79EFBC}") = "BarberBoss.Communication", "src\BarberBoss.Communication\BarberBoss.Communication.csproj", "{FEF4E867-E1D6-467F-96E5-EDF58133154D}"
EndProject
Project("{FAE04EC0-301F-11D3-BF4B-00C04F79EFBC}") = "BarberBoss.Exception", "src\BarberBoss.Exception\BarberBoss.Exception.csproj", "{145D0F98-6C67-4F8A-9AFC-55C215D062E9}"
EndProject
Project("{FAE04EC0-301F-11D3-BF4B-00C04F79EFBC}") = "BarberBoss.Infra", "src\BarberBoss.Infra\BarberBoss.Infra.csproj", "{151D6CB6-511A-4A83-9340-6DBF87C03618}"
EndProject
Global
	GlobalSection(SolutionConfigurationPlatforms) = preSolution
		Debug|Any CPU = Debug|Any CPU
		Release|Any CPU = Release|Any CPU
	EndGlobalSection
	GlobalSection(ProjectConfigurationPlatforms) = postSolution
		{968239A3-C7B1-484A-8A45-9C0BFB4FA439}.Debug|Any CPU.ActiveCfg = Debug|Any CPU
		{968239A3-C7B1-484A-8A45-9C0BFB4FA439}.Debug|Any CPU.Build.0 = Debug|Any CPU
		{968239A3-C7B1-484A-8A45-9C0BFB4FA439}.Release|Any CPU.ActiveCfg = Release|Any CPU
		{968239A3-C7B1-484A-8A45-9C0BFB4FA439}.Release|Any CPU.Build.0 = Release|Any CPU
		{170FB5A9-838A-4A37-927A-5328210D85E4}.Debug|Any CPU.ActiveCfg = Debug|Any CPU
		{170FB5A9-838A-4A37-927A-5328210D85E4}.Debug|Any CPU.Build.0 = Debug|Any CPU
		{170FB5A9-838A-4A37-927A-5328210D85E4}.Release|Any CPU.ActiveCfg = Release|Any CPU
		{170FB5A9-838A-4A37-927A-5328210D85E4}.Release|Any CPU.Build.0 = Release|Any CPU
		{9945E819-D50B-47D6-B529-B685FE68A161}.Debug|Any CPU.ActiveCfg = Debug|Any CPU
		{9945E819-D50B-47D6-B529-B685FE68A161}.Debug|Any CPU.Build.0 = Debug|Any CPU
		{9945E819-D50B-47D6-B529-B685FE68A161}.Release|Any CPU.ActiveCfg = Release|Any CPU
		{9945E819-D50B-47D6-B529-B685FE68A161}.Release|Any CPU.Build.0 = Release|Any CPU
		{FEF4E867-E1D6-467F-96E5-EDF58133154D}.Debug|Any CPU.ActiveCfg = Debug|Any CPU
		{FEF4E867-E1D6-467F-96E5-EDF58133154D}.Debug|Any CPU.Build.0 = Debug|Any CPU
		{FEF4E867-E1D6-467F-96E5-EDF58133154D}.Release|Any CPU.ActiveCfg = Release|Any CPU
		{FEF4E867-E1D6-467F-96E5-EDF58133154D}.Release|Any CPU.Build.0 = Release|Any CPU
		{145D0F98-6C67-4F8A-9AFC-55C215D062E9}.Debug|Any CPU.ActiveCfg = Debug|Any CPU
		{145D0F98-6C67-4F8A-9AFC-55C215D062E9}.Debug|Any CPU.Build.0 = Debug|Any CPU
		{145D0F98-6C67-4F8A-9AFC-55C215D062E9}.Release|Any CPU.ActiveCfg = Release|Any CPU
		{145D0F98-6C67-4F8A-9AFC-55C215D062E9}.Release|Any CPU.Build.0 = Release|Any CPU
		{151D6CB6-511A-4A83-9340-6DBF87C03618}.Debug|Any CPU.ActiveCfg = Debug|Any CPU
		{151D6CB6-511A-4A83-9340-6DBF87C03618}.Debug|Any CPU.Build.0 = Debug|Any CPU
		{151D6CB6-511A-4A83-9340-6DBF87C03618}.Release|Any CPU.ActiveCfg = Release|Any CPU
		{151D6CB6-511A-4A83-9340-6DBF87C03618}.Release|Any CPU.Build.0 = Release|Any CPU
	EndGlobalSection
	GlobalSection(SolutionProperties) = preSolution
		HideSolutionNode = FALSE
	EndGlobalSection
	GlobalSection(NestedProjects) = preSolution
		{968239A3-C7B1-484A-8A45-9C0BFB4FA439} = {E12C6000-A0AB-4632-9FF7-9D7C284EA268}
		{170FB5A9-838A-4A37-927A-5328210D85E4} = {E12C6000-A0AB-4632-9FF7-9D7C284EA268}
		{9945E819-D50B-47D6-B529-B685FE68A161} = {E12C6000-A0AB-4632-9FF7-9D7C284EA268}
		{FEF4E867-E1D6-467F-96E5-EDF58133154D} = {E12C6000-A0AB-4632-9FF7-9D7C284EA268}
		{145D0F98-6C67-4F8A-9AFC-55C215D062E9} = {E12C6000-A0AB-4632-9FF7-9D7C284EA268}
		{151D6CB6-511A-4A83-9340-6DBF87C03618} = {E12C6000-A0AB-4632-9FF7-9D7C284EA268}
	EndGlobalSection
	GlobalSection(ExtensibilityGlobals) = postSolution
		SolutionGuid = {69587821-EFB8-4B09-AF46-A5CB9202F2E6}
	EndGlobalSection
EndGlobal
